
Microsoft Visual Studio Solution File, Format Version 12.00
# Visual Studio 2012
Project("{FAE04EC0-301F-11D3-BF4B-00C04F79EFBC}") = "MvcApplication1", "MvcApplication1\MvcApplication1.csproj", "{D225EB9D-A181-4DD4-8FE2-D2D249B3E508}"
EndProject
Project("{FAE04EC0-301F-11D3-BF4B-00C04F79EFBC}") = "MvcApplication2", "MvcApplication2\MvcApplication2.csproj", "{DC72F164-E31C-4ED2-AB32-E764201CCAAD}"
EndProject
Global
	GlobalSection(SolutionConfigurationPlatforms) = preSolution
		Debug|Any CPU = Debug|Any CPU
		Release|Any CPU = Release|Any CPU
	EndGlobalSection
	GlobalSection(ProjectConfigurationPlatforms) = postSolution
		{D225EB9D-A181-4DD4-8FE2-D2D249B3E508}.Debug|Any CPU.ActiveCfg = Debug|Any CPU
		{D225EB9D-A181-4DD4-8FE2-D2D249B3E508}.Debug|Any CPU.Build.0 = Debug|Any CPU
		{D225EB9D-A181-4DD4-8FE2-D2D249B3E508}.Release|Any CPU.ActiveCfg = Release|Any CPU
		{D225EB9D-A181-4DD4-8FE2-D2D249B3E508}.Release|Any CPU.Build.0 = Release|Any CPU
		{DC72F164-E31C-4ED2-AB32-E764201CCAAD}.Debug|Any CPU.ActiveCfg = Debug|Any CPU
		{DC72F164-E31C-4ED2-AB32-E764201CCAAD}.Debug|Any CPU.Build.0 = Debug|Any CPU
		{DC72F164-E31C-4ED2-AB32-E764201CCAAD}.Release|Any CPU.ActiveCfg = Release|Any CPU
		{DC72F164-E31C-4ED2-AB32-E764201CCAAD}.Release|Any CPU.Build.0 = Release|Any CPU
	EndGlobalSection
	GlobalSection(SolutionProperties) = preSolution
		HideSolutionNode = FALSE
	EndGlobalSection
EndGlobal
